
Microsoft Visual Studio Solution File, Format Version 12.00
# Visual Studio 15
VisualStudioVersion = 15.0.27004.2008
MinimumVisualStudioVersion = 10.0.40219.1
Project("{FAE04EC0-301F-11D3-BF4B-00C04F79EFBC}") = "AspNetVs2017.Capitulo01.Variaveis", "AspNetVs2017.Capitulo01.Variaveis\AspNetVs2017.Capitulo01.Variaveis.csproj", "{75F973FB-F637-42AC-8E4A-E1BC8402A47C}"
EndProject
Project("{FAE04EC0-301F-11D3-BF4B-00C04F79EFBC}") = "AspNetVS2017.Capitulo01.Fretes", "AspNetVS2017.Capitulo01.Fretes\AspNetVS2017.Capitulo01.Fretes.csproj", "{8C901830-AEBD-4815-8F5F-9AC3AD8B13FF}"
EndProject
Project("{FAE04EC0-301F-11D3-BF4B-00C04F79EFBC}") = "AspNetVS2017.Capitulo01.Tabuada", "AspNetVS2017.Capitulo01.Tabuada\AspNetVS2017.Capitulo01.Tabuada.csproj", "{17D8992B-7688-429D-BABC-CCAACD348F4A}"
EndProject
Project("{FAE04EC0-301F-11D3-BF4B-00C04F79EFBC}") = "AspNetVS2017.Capitulo01.Repeticao.Testes", "AspNetVS2017.Capitulo01.Repeticao.Testes\AspNetVS2017.Capitulo01.Repeticao.Testes.csproj", "{1358CDE9-9993-4529-AD16-C2A377EDF58F}"
EndProject
Project("{FAE04EC0-301F-11D3-BF4B-00C04F79EFBC}") = "AspNetVS2017.Capitulo01.Vetores.Testes", "AspNetVS2017.Capitulo01.Vetores.Testes\AspNetVS2017.Capitulo01.Vetores.Testes.csproj", "{8563C5E6-A4CA-4108-AF3D-FDCDAB8F7D7A}"
EndProject
Project("{2150E333-8FDC-42A3-9474-1A3956D46DE8}") = "Oficina", "Oficina", "{A84200C6-8361-4E7F-B2F3-63D82EE61DE3}"
EndProject
Project("{FAE04EC0-301F-11D3-BF4B-00C04F79EFBC}") = "Oficina.Dominio", "Oficina.Dominio\Oficina.Dominio.csproj", "{927F24FA-41D0-4F7B-AE7D-548A7E6E26A7}"
EndProject
Project("{FAE04EC0-301F-11D3-BF4B-00C04F79EFBC}") = "Oficina.Repositorios.SistemaDeArquivos", "Oficina.Repositorios.SistemaDeArquivos\Oficina.Repositorios.SistemaDeArquivos.csproj", "{3EB57664-15AE-4CCD-8759-CD5265480870}"
EndProject
Project("{FAE04EC0-301F-11D3-BF4B-00C04F79EFBC}") = "Oficina.Repositorios.SistemaDeArquivosTests", "Oficina.Repositorios.SistemaDeArquivosTests\Oficina.Repositorios.SistemaDeArquivosTests.csproj", "{B15A2FF7-F3C9-49E9-ABF8-C7A0FFD8F5A2}"
EndProject
Project("{2150E333-8FDC-42A3-9474-1A3956D46DE8}") = "introdução", "introdução", "{60EB0174-4719-4363-A8C4-AFDA6BFF9F42}"
EndProject
Project("{FAE04EC0-301F-11D3-BF4B-00C04F79EFBC}") = "Oficina.WebPages", "Oficina.WebPages\Oficina.WebPages.csproj", "{8A541010-0813-4810-9A4A-ACCFBEB42C19}"
EndProject
Project("{2150E333-8FDC-42A3-9474-1A3956D46DE8}") = "Oficina 2.0", "Oficina 2.0", "{692ED41B-38AC-496A-BBAF-84B81D8C5C47}"
EndProject
Global
	GlobalSection(SolutionConfigurationPlatforms) = preSolution
		Debug|Any CPU = Debug|Any CPU
		Release|Any CPU = Release|Any CPU
	EndGlobalSection
	GlobalSection(ProjectConfigurationPlatforms) = postSolution
		{75F973FB-F637-42AC-8E4A-E1BC8402A47C}.Debug|Any CPU.ActiveCfg = Debug|Any CPU
		{75F973FB-F637-42AC-8E4A-E1BC8402A47C}.Debug|Any CPU.Build.0 = Debug|Any CPU
		{75F973FB-F637-42AC-8E4A-E1BC8402A47C}.Release|Any CPU.ActiveCfg = Release|Any CPU
		{75F973FB-F637-42AC-8E4A-E1BC8402A47C}.Release|Any CPU.Build.0 = Release|Any CPU
		{8C901830-AEBD-4815-8F5F-9AC3AD8B13FF}.Debug|Any CPU.ActiveCfg = Debug|Any CPU
		{8C901830-AEBD-4815-8F5F-9AC3AD8B13FF}.Debug|Any CPU.Build.0 = Debug|Any CPU
		{8C901830-AEBD-4815-8F5F-9AC3AD8B13FF}.Release|Any CPU.ActiveCfg = Release|Any CPU
		{8C901830-AEBD-4815-8F5F-9AC3AD8B13FF}.Release|Any CPU.Build.0 = Release|Any CPU
		{17D8992B-7688-429D-BABC-CCAACD348F4A}.Debug|Any CPU.ActiveCfg = Debug|Any CPU
		{17D8992B-7688-429D-BABC-CCAACD348F4A}.Debug|Any CPU.Build.0 = Debug|Any CPU
		{17D8992B-7688-429D-BABC-CCAACD348F4A}.Release|Any CPU.ActiveCfg = Release|Any CPU
		{17D8992B-7688-429D-BABC-CCAACD348F4A}.Release|Any CPU.Build.0 = Release|Any CPU
		{1358CDE9-9993-4529-AD16-C2A377EDF58F}.Debug|Any CPU.ActiveCfg = Debug|Any CPU
		{1358CDE9-9993-4529-AD16-C2A377EDF58F}.Debug|Any CPU.Build.0 = Debug|Any CPU
		{1358CDE9-9993-4529-AD16-C2A377EDF58F}.Release|Any CPU.ActiveCfg = Release|Any CPU
		{1358CDE9-9993-4529-AD16-C2A377EDF58F}.Release|Any CPU.Build.0 = Release|Any CPU
		{8563C5E6-A4CA-4108-AF3D-FDCDAB8F7D7A}.Debug|Any CPU.ActiveCfg = Debug|Any CPU
		{8563C5E6-A4CA-4108-AF3D-FDCDAB8F7D7A}.Debug|Any CPU.Build.0 = Debug|Any CPU
		{8563C5E6-A4CA-4108-AF3D-FDCDAB8F7D7A}.Release|Any CPU.ActiveCfg = Release|Any CPU
		{8563C5E6-A4CA-4108-AF3D-FDCDAB8F7D7A}.Release|Any CPU.Build.0 = Release|Any CPU
		{927F24FA-41D0-4F7B-AE7D-548A7E6E26A7}.Debug|Any CPU.ActiveCfg = Debug|Any CPU
		{927F24FA-41D0-4F7B-AE7D-548A7E6E26A7}.Debug|Any CPU.Build.0 = Debug|Any CPU
		{927F24FA-41D0-4F7B-AE7D-548A7E6E26A7}.Release|Any CPU.ActiveCfg = Release|Any CPU
		{927F24FA-41D0-4F7B-AE7D-548A7E6E26A7}.Release|Any CPU.Build.0 = Release|Any CPU
		{3EB57664-15AE-4CCD-8759-CD5265480870}.Debug|Any CPU.ActiveCfg = Debug|Any CPU
		{3EB57664-15AE-4CCD-8759-CD5265480870}.Debug|Any CPU.Build.0 = Debug|Any CPU
		{3EB57664-15AE-4CCD-8759-CD5265480870}.Release|Any CPU.ActiveCfg = Release|Any CPU
		{3EB57664-15AE-4CCD-8759-CD5265480870}.Release|Any CPU.Build.0 = Release|Any CPU
		{B15A2FF7-F3C9-49E9-ABF8-C7A0FFD8F5A2}.Debug|Any CPU.ActiveCfg = Debug|Any CPU
		{B15A2FF7-F3C9-49E9-ABF8-C7A0FFD8F5A2}.Debug|Any CPU.Build.0 = Debug|Any CPU
		{B15A2FF7-F3C9-49E9-ABF8-C7A0FFD8F5A2}.Release|Any CPU.ActiveCfg = Release|Any CPU
		{B15A2FF7-F3C9-49E9-ABF8-C7A0FFD8F5A2}.Release|Any CPU.Build.0 = Release|Any CPU
		{8A541010-0813-4810-9A4A-ACCFBEB42C19}.Debug|Any CPU.ActiveCfg = Debug|Any CPU
		{8A541010-0813-4810-9A4A-ACCFBEB42C19}.Debug|Any CPU.Build.0 = Debug|Any CPU
		{8A541010-0813-4810-9A4A-ACCFBEB42C19}.Release|Any CPU.ActiveCfg = Release|Any CPU
		{8A541010-0813-4810-9A4A-ACCFBEB42C19}.Release|Any CPU.Build.0 = Release|Any CPU
	EndGlobalSection
	GlobalSection(SolutionProperties) = preSolution
		HideSolutionNode = FALSE
	EndGlobalSection
	GlobalSection(NestedProjects) = preSolution
		{75F973FB-F637-42AC-8E4A-E1BC8402A47C} = {60EB0174-4719-4363-A8C4-AFDA6BFF9F42}
		{8C901830-AEBD-4815-8F5F-9AC3AD8B13FF} = {60EB0174-4719-4363-A8C4-AFDA6BFF9F42}
		{17D8992B-7688-429D-BABC-CCAACD348F4A} = {60EB0174-4719-4363-A8C4-AFDA6BFF9F42}
		{1358CDE9-9993-4529-AD16-C2A377EDF58F} = {60EB0174-4719-4363-A8C4-AFDA6BFF9F42}
		{8563C5E6-A4CA-4108-AF3D-FDCDAB8F7D7A} = {60EB0174-4719-4363-A8C4-AFDA6BFF9F42}
		{927F24FA-41D0-4F7B-AE7D-548A7E6E26A7} = {A84200C6-8361-4E7F-B2F3-63D82EE61DE3}
		{3EB57664-15AE-4CCD-8759-CD5265480870} = {A84200C6-8361-4E7F-B2F3-63D82EE61DE3}
		{B15A2FF7-F3C9-49E9-ABF8-C7A0FFD8F5A2} = {A84200C6-8361-4E7F-B2F3-63D82EE61DE3}
		{8A541010-0813-4810-9A4A-ACCFBEB42C19} = {692ED41B-38AC-496A-BBAF-84B81D8C5C47}
	EndGlobalSection
	GlobalSection(ExtensibilityGlobals) = postSolution
		SolutionGuid = {35C93FF7-E78A-446A-9EC9-52C8F89B3511}
	EndGlobalSection
EndGlobal
